<?xml version="1.0" encoding="utf-8"?>
<Project ToolsVersion="4.0" xmlns="http://schemas.microsoft.com/developer/msbuild/2003">
  <ItemGroup>
    <Filter Include="Source Files">
      <UniqueIdentifier>{4FC737F1-C7A5-4376-A066-2A32D752A2FF}</UniqueIdentifier>
      <Extensions>cpp;c;cc;cxx;def;odl;idl;hpj;bat;asm;asmx</Extensions>
    </Filter>
    <Filter Include="Header Files">
      <UniqueIdentifier>{93995380-89BD-4b04-88EB-625FBE52EBFB}</UniqueIdentifier>
      <Extensions>h;hh;hpp;hxx;hm;inl;inc;xsd</Extensions>
    </Filter>
    <Filter Include="Resource Files">
      <UniqueIdentifier>{67DA6AB6-F800-4c08-8B7A-83BB121AAD01}</UniqueIdentifier>
      <Extensions>rc;ico;cur;bmp;dlg;rc2;rct;bin;rgs;gif;jpg;jpeg;jpe;resx;tiff;tif;png;wav</Extensions>
    </Filter>
    <Filter Include="Header Files\ForceGenerators">
      <UniqueIdentifier>{23937fe9-68f3-4abe-92b6-01fc7234a4f9}</UniqueIdentifier>
    </Filter>
    <Filter Include="Source Files\ForceGenerators">
      <UniqueIdentifier>{9aacf66c-60cc-4568-998b-d48c52e50544}</UniqueIdentifier>
    </Filter>
    <Filter Include="Header Files\ContactHandlers">
      <UniqueIdentifier>{a43903c5-f932-45ed-ace7-a0d1719076df}</UniqueIdentifier>
    </Filter>
    <Filter Include="Source Files\ContactHandlers">
      <UniqueIdentifier>{3bba3ab4-2618-4274-9558-f863a5fc85eb}</UniqueIdentifier>
    </Filter>
    <Filter Include="Header Files\MathStructures">
      <UniqueIdentifier>{60011ce3-180f-424b-9bdd-9142c04d8d02}</UniqueIdentifier>
    </Filter>
    <Filter Include="Source Files\MathStructures">
      <UniqueIdentifier>{a686191d-9c91-4d3d-8c33-4c7eb6fe50bd}</UniqueIdentifier>
    </Filter>
  </ItemGroup>
  <ItemGroup>
    <ClCompile Include="moteurJeu.cpp">
      <Filter>Source Files</Filter>
    </ClCompile>
    <ClCompile Include="Particle.cpp">
      <Filter>Source Files</Filter>
    </ClCompile>
    <ClCompile Include="StiffSpringForceGenerator.cpp">
      <Filter>Source Files\ForceGenerators</Filter>
    </ClCompile>
    <ClCompile Include="SpringForceGenerator.cpp">
      <Filter>Source Files\ForceGenerators</Filter>
    </ClCompile>
    <ClCompile Include="AnchoredSpringForceGenerator.cpp">
      <Filter>Source Files\ForceGenerators</Filter>
    </ClCompile>
    <ClCompile Include="BungeeSpringForceGenerator.cpp">
      <Filter>Source Files\ForceGenerators</Filter>
    </ClCompile>
    <ClCompile Include="DragGenerator.cpp">
      <Filter>Source Files\ForceGenerators</Filter>
    </ClCompile>
    <ClCompile Include="GravityGenerator.cpp">
      <Filter>Source Files\ForceGenerators</Filter>
    </ClCompile>
    <ClCompile Include="FloatingSpringForceGenerator.cpp">
      <Filter>Source Files\ForceGenerators</Filter>
    </ClCompile>
    <ClCompile Include="ParticleContact.cpp">
      <Filter>Source Files\ContactHandlers</Filter>
    </ClCompile>
    <ClCompile Include="ParticleContactGenerator.cpp">
      <Filter>Source Files\ContactHandlers</Filter>
    </ClCompile>
    <ClCompile Include="ParticleLink.cpp">
      <Filter>Source Files\ContactHandlers</Filter>
    </ClCompile>
    <ClCompile Include="ParticleCable.cpp">
      <Filter>Source Files\ContactHandlers</Filter>
    </ClCompile>
    <ClCompile Include="ParicleRod.cpp">
      <Filter>Source Files\ContactHandlers</Filter>
    </ClCompile>
    <ClCompile Include="ParticleContactResolver.cpp">
      <Filter>Source Files\ContactHandlers</Filter>
    </ClCompile>
    <ClCompile Include="GameLoop.cpp">
      <Filter>Source Files</Filter>
    </ClCompile>
    <ClCompile Include="Matrix33.cpp">
      <Filter>Source Files\MathStructures</Filter>
    </ClCompile>
    <ClCompile Include="Matrix34.cpp">
      <Filter>Source Files\MathStructures</Filter>
    </ClCompile>
    <ClCompile Include="Vect3.cpp">
      <Filter>Source Files\MathStructures</Filter>
    </ClCompile>
    <ClCompile Include="Rigidbody.cpp">
      <Filter>Source Files</Filter>
    </ClCompile>
    <ClCompile Include="Quaternion.cpp">
      <Filter>Source Files\MathStructures</Filter>
    </ClCompile>
  </ItemGroup>
  <ItemGroup>
    <ClInclude Include="constants.h">
      <Filter>Header Files</Filter>
    </ClInclude>
    <ClInclude Include="Particle.h">
      <Filter>Header Files</Filter>
    </ClInclude>
    <ClInclude Include="RegisterForce.h">
      <Filter>Header Files</Filter>
    </ClInclude>
    <ClInclude Include="GravityGenerator.h">
      <Filter>Header Files\ForceGenerators</Filter>
    </ClInclude>
    <ClInclude Include="DragGenerator.h">
      <Filter>Header Files\ForceGenerators</Filter>
    </ClInclude>
    <ClInclude Include="FloatingSpringForceGenerator.h">
      <Filter>Header Files\ForceGenerators</Filter>
    </ClInclude>
    <ClInclude Include="AnchoredSpringForceGenerator.h">
      <Filter>Header Files\ForceGenerators</Filter>
    </ClInclude>
    <ClInclude Include="BungeeSpringForceGenerator.h">
      <Filter>Header Files\ForceGenerators</Filter>
    </ClInclude>
    <ClInclude Include="ParticleForceGenerator.h">
      <Filter>Header Files\ForceGenerators</Filter>
    </ClInclude>
    <ClInclude Include="SpringForceGenerator.h">
      <Filter>Header Files\ForceGenerators</Filter>
    </ClInclude>
    <ClInclude Include="StiffSpringForceGenerator.h">
      <Filter>Header Files\ForceGenerators</Filter>
    </ClInclude>
    <ClInclude Include="ParticleContact.h">
      <Filter>Header Files\ContactHandlers</Filter>
    </ClInclude>
    <ClInclude Include="ParticleContactGenerator.h">
      <Filter>Header Files\ContactHandlers</Filter>
    </ClInclude>
    <ClInclude Include="ParticleLink.h">
      <Filter>Header Files\ContactHandlers</Filter>
    </ClInclude>
    <ClInclude Include="ParticleCable.h">
      <Filter>Header Files\ContactHandlers</Filter>
    </ClInclude>
    <ClInclude Include="ParticleRod.h">
      <Filter>Header Files\ContactHandlers</Filter>
    </ClInclude>
    <ClInclude Include="ParticleContactResolver.h">
      <Filter>Header Files\ContactHandlers</Filter>
    </ClInclude>
    <ClInclude Include="GameLoop.h">
      <Filter>Header Files</Filter>
    </ClInclude>
    <ClInclude Include="Matrix33.h">
      <Filter>Header Files\MathStructures</Filter>
    </ClInclude>
    <ClInclude Include="Matrix34.h">
      <Filter>Header Files\MathStructures</Filter>
    </ClInclude>
    <ClInclude Include="Vect3.h">
      <Filter>Header Files\MathStructures</Filter>
    </ClInclude>
    <ClInclude Include="Rigidbody.h">
      <Filter>Header Files</Filter>
    </ClInclude>
    <ClInclude Include="Quaternion.h">
      <Filter>Header Files\MathStructures</Filter>
    </ClInclude>
  </ItemGroup>
  <ItemGroup>
    <None Include="packages.config" />
  </ItemGroup>
</Project>